
Microsoft Visual Studio Solution File, Format Version 12.00
# Visual Studio 15
VisualStudioVersion = 15.0.26730.16
MinimumVisualStudioVersion = 10.0.40219.1
Project("{FAE04EC0-301F-11D3-BF4B-00C04F79EFBC}") = "JWChinese.Android", "JWChinese\JWChinese.Android\JWChinese.Android.csproj", "{824A674D-16B8-480F-BE28-6FF4DCA1A3B4}"
EndProject
Project("{FAE04EC0-301F-11D3-BF4B-00C04F79EFBC}") = "JWChinese", "JWChinese\JWChinese\JWChinese.csproj", "{8479D51B-C038-43F3-8717-73BF08FD2F01}"
EndProject
Project("{FAE04EC0-301F-11D3-BF4B-00C04F79EFBC}") = "JWChinese.UWP", "JWChinese\JWChinese.UWP\JWChinese.UWP.csproj", "{D3F351EF-4368-4266-B44B-ECDA02B98F97}"
EndProject
Project("{FAE04EC0-301F-11D3-BF4B-00C04F79EFBC}") = "JWChinese.iOS", "JWChinese\JWChinese.iOS\JWChinese.iOS.csproj", "{BC79F95F-337F-42BA-856C-5715257A74D7}"
EndProject
Project("{FAE04EC0-301F-11D3-BF4B-00C04F79EFBC}") = "WolDownloader", "JWChinese\WolDownloader\WolDownloader.csproj", "{4C1AF895-204D-4630-93DE-D6B2568BDB6B}"
EndProject
Project("{FAE04EC0-301F-11D3-BF4B-00C04F79EFBC}") = "AnnotatorRuntimeComponent", "JWChinese\AnnotatorRuntimeComponent\AnnotatorRuntimeComponent.csproj", "{53C4C639-F230-4A0F-BE4F-AF175542B556}"
EndProject
Project("{2150E333-8FDC-42A3-9474-1A3956D46DE8}") = "CarouselView", "CarouselView", "{AE63CD1D-4C75-430E-B607-FB7D74EFAB1A}"
EndProject
Project("{FAE04EC0-301F-11D3-BF4B-00C04F79EFBC}") = "CarouselView.Abstractions", "CarouselView\CarouselView.Abstractions\CarouselView.Abstractions.csproj", "{14C534B6-1984-41A9-A384-D3A5508588E3}"
EndProject
Project("{FAE04EC0-301F-11D3-BF4B-00C04F79EFBC}") = "CarouselView.Android", "CarouselView\CarouselView.Android\CarouselView.Android.csproj", "{AD2D2DB4-E781-4CF1-9B62-3AAD264F196D}"
EndProject
Project("{FAE04EC0-301F-11D3-BF4B-00C04F79EFBC}") = "CarouselView.UWP", "CarouselView\CarouselView.UWP\CarouselView.UWP.csproj", "{9916A87B-5503-4E08-A21F-6CEB46CF09FD}"
EndProject
Project("{FAE04EC0-301F-11D3-BF4B-00C04F79EFBC}") = "CarouselView.iOS", "CarouselView\CarouselView.iOS\CarouselView.iOS.csproj", "{D525F236-6A2D-4010-B1CC-4A4B8581C90B}"
EndProject
Global
	GlobalSection(SolutionConfigurationPlatforms) = preSolution
		Ad-Hoc|Any CPU = Ad-Hoc|Any CPU
		Ad-Hoc|ARM = Ad-Hoc|ARM
		Ad-Hoc|iPhone = Ad-Hoc|iPhone
		Ad-Hoc|iPhoneSimulator = Ad-Hoc|iPhoneSimulator
		Ad-Hoc|x64 = Ad-Hoc|x64
		Ad-Hoc|x86 = Ad-Hoc|x86
		AppStore|Any CPU = AppStore|Any CPU
		AppStore|ARM = AppStore|ARM
		AppStore|iPhone = AppStore|iPhone
		AppStore|iPhoneSimulator = AppStore|iPhoneSimulator
		AppStore|x64 = AppStore|x64
		AppStore|x86 = AppStore|x86
		Debug .NET Native|Any CPU = Debug .NET Native|Any CPU
		Debug .NET Native|ARM = Debug .NET Native|ARM
		Debug .NET Native|iPhone = Debug .NET Native|iPhone
		Debug .NET Native|iPhoneSimulator = Debug .NET Native|iPhoneSimulator
		Debug .NET Native|x64 = Debug .NET Native|x64
		Debug .NET Native|x86 = Debug .NET Native|x86
		Debug|Any CPU = Debug|Any CPU
		Debug|ARM = Debug|ARM
		Debug|iPhone = Debug|iPhone
		Debug|iPhoneSimulator = Debug|iPhoneSimulator
		Debug|x64 = Debug|x64
		Debug|x86 = Debug|x86
		Release|Any CPU = Release|Any CPU
		Release|ARM = Release|ARM
		Release|iPhone = Release|iPhone
		Release|iPhoneSimulator = Release|iPhoneSimulator
		Release|x64 = Release|x64
		Release|x86 = Release|x86
	EndGlobalSection
	GlobalSection(ProjectConfigurationPlatforms) = postSolution
		{824A674D-16B8-480F-BE28-6FF4DCA1A3B4}.Ad-Hoc|Any CPU.ActiveCfg = Release|Any CPU
		{824A674D-16B8-480F-BE28-6FF4DCA1A3B4}.Ad-Hoc|Any CPU.Build.0 = Release|Any CPU
		{824A674D-16B8-480F-BE28-6FF4DCA1A3B4}.Ad-Hoc|Any CPU.Deploy.0 = Release|Any CPU
		{824A674D-16B8-480F-BE28-6FF4DCA1A3B4}.Ad-Hoc|ARM.ActiveCfg = Release|Any CPU
		{824A674D-16B8-480F-BE28-6FF4DCA1A3B4}.Ad-Hoc|ARM.Build.0 = Release|Any CPU
		{824A674D-16B8-480F-BE28-6FF4DCA1A3B4}.Ad-Hoc|ARM.Deploy.0 = Release|Any CPU
		{824A674D-16B8-480F-BE28-6FF4DCA1A3B4}.Ad-Hoc|iPhone.ActiveCfg = Release|Any CPU
		{824A674D-16B8-480F-BE28-6FF4DCA1A3B4}.Ad-Hoc|iPhone.Build.0 = Release|Any CPU
		{824A674D-16B8-480F-BE28-6FF4DCA1A3B4}.Ad-Hoc|iPhone.Deploy.0 = Release|Any CPU
		{824A674D-16B8-480F-BE28-6FF4DCA1A3B4}.Ad-Hoc|iPhoneSimulator.ActiveCfg = Release|Any CPU
		{824A674D-16B8-480F-BE28-6FF4DCA1A3B4}.Ad-Hoc|iPhoneSimulator.Build.0 = Release|Any CPU
		{824A674D-16B8-480F-BE28-6FF4DCA1A3B4}.Ad-Hoc|iPhoneSimulator.Deploy.0 = Release|Any CPU
		{824A674D-16B8-480F-BE28-6FF4DCA1A3B4}.Ad-Hoc|x64.ActiveCfg = Release|Any CPU
		{824A674D-16B8-480F-BE28-6FF4DCA1A3B4}.Ad-Hoc|x64.Build.0 = Release|Any CPU
		{824A674D-16B8-480F-BE28-6FF4DCA1A3B4}.Ad-Hoc|x64.Deploy.0 = Release|Any CPU
		{824A674D-16B8-480F-BE28-6FF4DCA1A3B4}.Ad-Hoc|x86.ActiveCfg = Release|Any CPU
		{824A674D-16B8-480F-BE28-6FF4DCA1A3B4}.Ad-Hoc|x86.Build.0 = Release|Any CPU
		{824A674D-16B8-480F-BE28-6FF4DCA1A3B4}.Ad-Hoc|x86.Deploy.0 = Release|Any CPU
		{824A674D-16B8-480F-BE28-6FF4DCA1A3B4}.AppStore|Any CPU.ActiveCfg = Release|Any CPU
		{824A674D-16B8-480F-BE28-6FF4DCA1A3B4}.AppStore|Any CPU.Build.0 = Release|Any CPU
		{824A674D-16B8-480F-BE28-6FF4DCA1A3B4}.AppStore|Any CPU.Deploy.0 = Release|Any CPU
		{824A674D-16B8-480F-BE28-6FF4DCA1A3B4}.AppStore|ARM.ActiveCfg = Release|Any CPU
		{824A674D-16B8-480F-BE28-6FF4DCA1A3B4}.AppStore|ARM.Build.0 = Release|Any CPU
		{824A674D-16B8-480F-BE28-6FF4DCA1A3B4}.AppStore|ARM.Deploy.0 = Release|Any CPU
		{824A674D-16B8-480F-BE28-6FF4DCA1A3B4}.AppStore|iPhone.ActiveCfg = Release|Any CPU
		{824A674D-16B8-480F-BE28-6FF4DCA1A3B4}.AppStore|iPhone.Build.0 = Release|Any CPU
		{824A674D-16B8-480F-BE28-6FF4DCA1A3B4}.AppStore|iPhone.Deploy.0 = Release|Any CPU
		{824A674D-16B8-480F-BE28-6FF4DCA1A3B4}.AppStore|iPhoneSimulator.ActiveCfg = Release|Any CPU
		{824A674D-16B8-480F-BE28-6FF4DCA1A3B4}.AppStore|iPhoneSimulator.Build.0 = Release|Any CPU
		{824A674D-16B8-480F-BE28-6FF4DCA1A3B4}.AppStore|iPhoneSimulator.Deploy.0 = Release|Any CPU
		{824A674D-16B8-480F-BE28-6FF4DCA1A3B4}.AppStore|x64.ActiveCfg = Release|Any CPU
		{824A674D-16B8-480F-BE28-6FF4DCA1A3B4}.AppStore|x64.Build.0 = Release|Any CPU
		{824A674D-16B8-480F-BE28-6FF4DCA1A3B4}.AppStore|x64.Deploy.0 = Release|Any CPU
		{824A674D-16B8-480F-BE28-6FF4DCA1A3B4}.AppStore|x86.ActiveCfg = Release|Any CPU
		{824A674D-16B8-480F-BE28-6FF4DCA1A3B4}.AppStore|x86.Build.0 = Release|Any CPU
		{824A674D-16B8-480F-BE28-6FF4DCA1A3B4}.AppStore|x86.Deploy.0 = Release|Any CPU
		{824A674D-16B8-480F-BE28-6FF4DCA1A3B4}.Debug .NET Native|Any CPU.ActiveCfg = Debug .NET Native|Any CPU
		{824A674D-16B8-480F-BE28-6FF4DCA1A3B4}.Debug .NET Native|Any CPU.Build.0 = Debug .NET Native|Any CPU
		{824A674D-16B8-480F-BE28-6FF4DCA1A3B4}.Debug .NET Native|Any CPU.Deploy.0 = Debug .NET Native|Any CPU
		{824A674D-16B8-480F-BE28-6FF4DCA1A3B4}.Debug .NET Native|ARM.ActiveCfg = Debug .NET Native|Any CPU
		{824A674D-16B8-480F-BE28-6FF4DCA1A3B4}.Debug .NET Native|ARM.Build.0 = Debug .NET Native|Any CPU
		{824A674D-16B8-480F-BE28-6FF4DCA1A3B4}.Debug .NET Native|ARM.Deploy.0 = Debug .NET Native|Any CPU
		{824A674D-16B8-480F-BE28-6FF4DCA1A3B4}.Debug .NET Native|iPhone.ActiveCfg = Debug .NET Native|Any CPU
		{824A674D-16B8-480F-BE28-6FF4DCA1A3B4}.Debug .NET Native|iPhone.Build.0 = Debug .NET Native|Any CPU
		{824A674D-16B8-480F-BE28-6FF4DCA1A3B4}.Debug .NET Native|iPhone.Deploy.0 = Debug .NET Native|Any CPU
		{824A674D-16B8-480F-BE28-6FF4DCA1A3B4}.Debug .NET Native|iPhoneSimulator.ActiveCfg = Debug .NET Native|Any CPU
		{824A674D-16B8-480F-BE28-6FF4DCA1A3B4}.Debug .NET Native|iPhoneSimulator.Build.0 = Debug .NET Native|Any CPU
		{824A674D-16B8-480F-BE28-6FF4DCA1A3B4}.Debug .NET Native|iPhoneSimulator.Deploy.0 = Debug .NET Native|Any CPU
		{824A674D-16B8-480F-BE28-6FF4DCA1A3B4}.Debug .NET Native|x64.ActiveCfg = Debug .NET Native|Any CPU
		{824A674D-16B8-480F-BE28-6FF4DCA1A3B4}.Debug .NET Native|x64.Build.0 = Debug .NET Native|Any CPU
		{824A674D-16B8-480F-BE28-6FF4DCA1A3B4}.Debug .NET Native|x64.Deploy.0 = Debug .NET Native|Any CPU
		{824A674D-16B8-480F-BE28-6FF4DCA1A3B4}.Debug .NET Native|x86.ActiveCfg = Debug .NET Native|Any CPU
		{824A674D-16B8-480F-BE28-6FF4DCA1A3B4}.Debug .NET Native|x86.Build.0 = Debug .NET Native|Any CPU
		{824A674D-16B8-480F-BE28-6FF4DCA1A3B4}.Debug .NET Native|x86.Deploy.0 = Debug .NET Native|Any CPU
		{824A674D-16B8-480F-BE28-6FF4DCA1A3B4}.Debug|Any CPU.ActiveCfg = Debug|Any CPU
		{824A674D-16B8-480F-BE28-6FF4DCA1A3B4}.Debug|Any CPU.Build.0 = Debug|Any CPU
		{824A674D-16B8-480F-BE28-6FF4DCA1A3B4}.Debug|Any CPU.Deploy.0 = Debug|Any CPU
		{824A674D-16B8-480F-BE28-6FF4DCA1A3B4}.Debug|ARM.ActiveCfg = Debug|Any CPU
		{824A674D-16B8-480F-BE28-6FF4DCA1A3B4}.Debug|ARM.Build.0 = Debug|Any CPU
		{824A674D-16B8-480F-BE28-6FF4DCA1A3B4}.Debug|ARM.Deploy.0 = Debug|Any CPU
		{824A674D-16B8-480F-BE28-6FF4DCA1A3B4}.Debug|iPhone.ActiveCfg = Debug|Any CPU
		{824A674D-16B8-480F-BE28-6FF4DCA1A3B4}.Debug|iPhone.Build.0 = Debug|Any CPU
		{824A674D-16B8-480F-BE28-6FF4DCA1A3B4}.Debug|iPhone.Deploy.0 = Debug|Any CPU
		{824A674D-16B8-480F-BE28-6FF4DCA1A3B4}.Debug|iPhoneSimulator.ActiveCfg = Debug|Any CPU
		{824A674D-16B8-480F-BE28-6FF4DCA1A3B4}.Debug|iPhoneSimulator.Build.0 = Debug|Any CPU
		{824A674D-16B8-480F-BE28-6FF4DCA1A3B4}.Debug|iPhoneSimulator.Deploy.0 = Debug|Any CPU
		{824A674D-16B8-480F-BE28-6FF4DCA1A3B4}.Debug|x64.ActiveCfg = Debug|Any CPU
		{824A674D-16B8-480F-BE28-6FF4DCA1A3B4}.Debug|x64.Build.0 = Debug|Any CPU
		{824A674D-16B8-480F-BE28-6FF4DCA1A3B4}.Debug|x64.Deploy.0 = Debug|Any CPU
		{824A674D-16B8-480F-BE28-6FF4DCA1A3B4}.Debug|x86.ActiveCfg = Debug|Any CPU
		{824A674D-16B8-480F-BE28-6FF4DCA1A3B4}.Debug|x86.Build.0 = Debug|Any CPU
		{824A674D-16B8-480F-BE28-6FF4DCA1A3B4}.Debug|x86.Deploy.0 = Debug|Any CPU
		{824A674D-16B8-480F-BE28-6FF4DCA1A3B4}.Release|Any CPU.ActiveCfg = Release|Any CPU
		{824A674D-16B8-480F-BE28-6FF4DCA1A3B4}.Release|Any CPU.Build.0 = Release|Any CPU
		{824A674D-16B8-480F-BE28-6FF4DCA1A3B4}.Release|Any CPU.Deploy.0 = Release|Any CPU
		{824A674D-16B8-480F-BE28-6FF4DCA1A3B4}.Release|ARM.ActiveCfg = Release|Any CPU
		{824A674D-16B8-480F-BE28-6FF4DCA1A3B4}.Release|ARM.Build.0 = Release|Any CPU
		{824A674D-16B8-480F-BE28-6FF4DCA1A3B4}.Release|ARM.Deploy.0 = Release|Any CPU
		{824A674D-16B8-480F-BE28-6FF4DCA1A3B4}.Release|iPhone.ActiveCfg = Release|Any CPU
		{824A674D-16B8-480F-BE28-6FF4DCA1A3B4}.Release|iPhone.Build.0 = Release|Any CPU
		{824A674D-16B8-480F-BE28-6FF4DCA1A3B4}.Release|iPhone.Deploy.0 = Release|Any CPU
		{824A674D-16B8-480F-BE28-6FF4DCA1A3B4}.Release|iPhoneSimulator.ActiveCfg = Release|Any CPU
		{824A674D-16B8-480F-BE28-6FF4DCA1A3B4}.Release|iPhoneSimulator.Build.0 = Release|Any CPU
		{824A674D-16B8-480F-BE28-6FF4DCA1A3B4}.Release|iPhoneSimulator.Deploy.0 = Release|Any CPU
		{824A674D-16B8-480F-BE28-6FF4DCA1A3B4}.Release|x64.ActiveCfg = Release|Any CPU
		{824A674D-16B8-480F-BE28-6FF4DCA1A3B4}.Release|x64.Build.0 = Release|Any CPU
		{824A674D-16B8-480F-BE28-6FF4DCA1A3B4}.Release|x64.Deploy.0 = Release|Any CPU
		{824A674D-16B8-480F-BE28-6FF4DCA1A3B4}.Release|x86.ActiveCfg = Release|Any CPU
		{824A674D-16B8-480F-BE28-6FF4DCA1A3B4}.Release|x86.Build.0 = Release|Any CPU
		{824A674D-16B8-480F-BE28-6FF4DCA1A3B4}.Release|x86.Deploy.0 = Release|Any CPU
		{8479D51B-C038-43F3-8717-73BF08FD2F01}.Ad-Hoc|Any CPU.ActiveCfg = Release|Any CPU
		{8479D51B-C038-43F3-8717-73BF08FD2F01}.Ad-Hoc|Any CPU.Build.0 = Release|Any CPU
		{8479D51B-C038-43F3-8717-73BF08FD2F01}.Ad-Hoc|ARM.ActiveCfg = Release|Any CPU
		{8479D51B-C038-43F3-8717-73BF08FD2F01}.Ad-Hoc|ARM.Build.0 = Release|Any CPU
		{8479D51B-C038-43F3-8717-73BF08FD2F01}.Ad-Hoc|iPhone.ActiveCfg = Release|Any CPU
		{8479D51B-C038-43F3-8717-73BF08FD2F01}.Ad-Hoc|iPhone.Build.0 = Release|Any CPU
		{8479D51B-C038-43F3-8717-73BF08FD2F01}.Ad-Hoc|iPhoneSimulator.ActiveCfg = Release|Any CPU
		{8479D51B-C038-43F3-8717-73BF08FD2F01}.Ad-Hoc|iPhoneSimulator.Build.0 = Release|Any CPU
		{8479D51B-C038-43F3-8717-73BF08FD2F01}.Ad-Hoc|x64.ActiveCfg = Release|Any CPU
		{8479D51B-C038-43F3-8717-73BF08FD2F01}.Ad-Hoc|x64.Build.0 = Release|Any CPU
		{8479D51B-C038-43F3-8717-73BF08FD2F01}.Ad-Hoc|x86.ActiveCfg = Release|Any CPU
		{8479D51B-C038-43F3-8717-73BF08FD2F01}.Ad-Hoc|x86.Build.0 = Release|Any CPU
		{8479D51B-C038-43F3-8717-73BF08FD2F01}.AppStore|Any CPU.ActiveCfg = Release|Any CPU
		{8479D51B-C038-43F3-8717-73BF08FD2F01}.AppStore|Any CPU.Build.0 = Release|Any CPU
		{8479D51B-C038-43F3-8717-73BF08FD2F01}.AppStore|ARM.ActiveCfg = Release|Any CPU
		{8479D51B-C038-43F3-8717-73BF08FD2F01}.AppStore|ARM.Build.0 = Release|Any CPU
		{8479D51B-C038-43F3-8717-73BF08FD2F01}.AppStore|iPhone.ActiveCfg = Release|Any CPU
		{8479D51B-C038-43F3-8717-73BF08FD2F01}.AppStore|iPhone.Build.0 = Release|Any CPU
		{8479D51B-C038-43F3-8717-73BF08FD2F01}.AppStore|iPhoneSimulator.ActiveCfg = Release|Any CPU
		{8479D51B-C038-43F3-8717-73BF08FD2F01}.AppStore|iPhoneSimulator.Build.0 = Release|Any CPU
		{8479D51B-C038-43F3-8717-73BF08FD2F01}.AppStore|x64.ActiveCfg = Release|Any CPU
		{8479D51B-C038-43F3-8717-73BF08FD2F01}.AppStore|x64.Build.0 = Release|Any CPU
		{8479D51B-C038-43F3-8717-73BF08FD2F01}.AppStore|x86.ActiveCfg = Release|Any CPU
		{8479D51B-C038-43F3-8717-73BF08FD2F01}.AppStore|x86.Build.0 = Release|Any CPU
		{8479D51B-C038-43F3-8717-73BF08FD2F01}.Debug .NET Native|Any CPU.ActiveCfg = Debug .NET Native|Any CPU
		{8479D51B-C038-43F3-8717-73BF08FD2F01}.Debug .NET Native|Any CPU.Build.0 = Debug .NET Native|Any CPU
		{8479D51B-C038-43F3-8717-73BF08FD2F01}.Debug .NET Native|ARM.ActiveCfg = Debug .NET Native|Any CPU
		{8479D51B-C038-43F3-8717-73BF08FD2F01}.Debug .NET Native|ARM.Build.0 = Debug .NET Native|Any CPU
		{8479D51B-C038-43F3-8717-73BF08FD2F01}.Debug .NET Native|iPhone.ActiveCfg = Debug .NET Native|Any CPU
		{8479D51B-C038-43F3-8717-73BF08FD2F01}.Debug .NET Native|iPhone.Build.0 = Debug .NET Native|Any CPU
		{8479D51B-C038-43F3-8717-73BF08FD2F01}.Debug .NET Native|iPhoneSimulator.ActiveCfg = Debug .NET Native|Any CPU
		{8479D51B-C038-43F3-8717-73BF08FD2F01}.Debug .NET Native|iPhoneSimulator.Build.0 = Debug .NET Native|Any CPU
		{8479D51B-C038-43F3-8717-73BF08FD2F01}.Debug .NET Native|x64.ActiveCfg = Debug .NET Native|Any CPU
		{8479D51B-C038-43F3-8717-73BF08FD2F01}.Debug .NET Native|x64.Build.0 = Debug .NET Native|Any CPU
		{8479D51B-C038-43F3-8717-73BF08FD2F01}.Debug .NET Native|x86.ActiveCfg = Debug .NET Native|Any CPU
		{8479D51B-C038-43F3-8717-73BF08FD2F01}.Debug .NET Native|x86.Build.0 = Debug .NET Native|Any CPU
		{8479D51B-C038-43F3-8717-73BF08FD2F01}.Debug|Any CPU.ActiveCfg = Debug|Any CPU
		{8479D51B-C038-43F3-8717-73BF08FD2F01}.Debug|Any CPU.Build.0 = Debug|Any CPU
		{8479D51B-C038-43F3-8717-73BF08FD2F01}.Debug|ARM.ActiveCfg = Debug|Any CPU
		{8479D51B-C038-43F3-8717-73BF08FD2F01}.Debug|ARM.Build.0 = Debug|Any CPU
		{8479D51B-C038-43F3-8717-73BF08FD2F01}.Debug|iPhone.ActiveCfg = Debug|Any CPU
		{8479D51B-C038-43F3-8717-73BF08FD2F01}.Debug|iPhone.Build.0 = Debug|Any CPU
		{8479D51B-C038-43F3-8717-73BF08FD2F01}.Debug|iPhoneSimulator.ActiveCfg = Debug|Any CPU
		{8479D51B-C038-43F3-8717-73BF08FD2F01}.Debug|iPhoneSimulator.Build.0 = Debug|Any CPU
		{8479D51B-C038-43F3-8717-73BF08FD2F01}.Debug|x64.ActiveCfg = Debug|Any CPU
		{8479D51B-C038-43F3-8717-73BF08FD2F01}.Debug|x64.Build.0 = Debug|Any CPU
		{8479D51B-C038-43F3-8717-73BF08FD2F01}.Debug|x86.ActiveCfg = Debug|Any CPU
		{8479D51B-C038-43F3-8717-73BF08FD2F01}.Debug|x86.Build.0 = Debug|Any CPU
		{8479D51B-C038-43F3-8717-73BF08FD2F01}.Release|Any CPU.ActiveCfg = Release|Any CPU
		{8479D51B-C038-43F3-8717-73BF08FD2F01}.Release|Any CPU.Build.0 = Release|Any CPU
		{8479D51B-C038-43F3-8717-73BF08FD2F01}.Release|ARM.ActiveCfg = Release|Any CPU
		{8479D51B-C038-43F3-8717-73BF08FD2F01}.Release|ARM.Build.0 = Release|Any CPU
		{8479D51B-C038-43F3-8717-73BF08FD2F01}.Release|iPhone.ActiveCfg = Release|Any CPU
		{8479D51B-C038-43F3-8717-73BF08FD2F01}.Release|iPhone.Build.0 = Release|Any CPU
		{8479D51B-C038-43F3-8717-73BF08FD2F01}.Release|iPhoneSimulator.ActiveCfg = Release|Any CPU
		{8479D51B-C038-43F3-8717-73BF08FD2F01}.Release|iPhoneSimulator.Build.0 = Release|Any CPU
		{8479D51B-C038-43F3-8717-73BF08FD2F01}.Release|x64.ActiveCfg = Release|Any CPU
		{8479D51B-C038-43F3-8717-73BF08FD2F01}.Release|x64.Build.0 = Release|Any CPU
		{8479D51B-C038-43F3-8717-73BF08FD2F01}.Release|x86.ActiveCfg = Release|Any CPU
		{8479D51B-C038-43F3-8717-73BF08FD2F01}.Release|x86.Build.0 = Release|Any CPU
		{D3F351EF-4368-4266-B44B-ECDA02B98F97}.Ad-Hoc|Any CPU.ActiveCfg = Release|x86
		{D3F351EF-4368-4266-B44B-ECDA02B98F97}.Ad-Hoc|Any CPU.Build.0 = Release|x86
		{D3F351EF-4368-4266-B44B-ECDA02B98F97}.Ad-Hoc|Any CPU.Deploy.0 = Release|x86
		{D3F351EF-4368-4266-B44B-ECDA02B98F97}.Ad-Hoc|ARM.ActiveCfg = Release|ARM
		{D3F351EF-4368-4266-B44B-ECDA02B98F97}.Ad-Hoc|ARM.Build.0 = Release|ARM
		{D3F351EF-4368-4266-B44B-ECDA02B98F97}.Ad-Hoc|ARM.Deploy.0 = Release|ARM
		{D3F351EF-4368-4266-B44B-ECDA02B98F97}.Ad-Hoc|iPhone.ActiveCfg = Release|x86
		{D3F351EF-4368-4266-B44B-ECDA02B98F97}.Ad-Hoc|iPhone.Build.0 = Release|x86
		{D3F351EF-4368-4266-B44B-ECDA02B98F97}.Ad-Hoc|iPhone.Deploy.0 = Release|x86
		{D3F351EF-4368-4266-B44B-ECDA02B98F97}.Ad-Hoc|iPhoneSimulator.ActiveCfg = Release|x86
		{D3F351EF-4368-4266-B44B-ECDA02B98F97}.Ad-Hoc|iPhoneSimulator.Build.0 = Release|x86
		{D3F351EF-4368-4266-B44B-ECDA02B98F97}.Ad-Hoc|iPhoneSimulator.Deploy.0 = Release|x86
		{D3F351EF-4368-4266-B44B-ECDA02B98F97}.Ad-Hoc|x64.ActiveCfg = Release|x64
		{D3F351EF-4368-4266-B44B-ECDA02B98F97}.Ad-Hoc|x64.Build.0 = Release|x64
		{D3F351EF-4368-4266-B44B-ECDA02B98F97}.Ad-Hoc|x64.Deploy.0 = Release|x64
		{D3F351EF-4368-4266-B44B-ECDA02B98F97}.Ad-Hoc|x86.ActiveCfg = Release|x86
		{D3F351EF-4368-4266-B44B-ECDA02B98F97}.Ad-Hoc|x86.Build.0 = Release|x86
		{D3F351EF-4368-4266-B44B-ECDA02B98F97}.Ad-Hoc|x86.Deploy.0 = Release|x86
		{D3F351EF-4368-4266-B44B-ECDA02B98F97}.AppStore|Any CPU.ActiveCfg = Release|x86
		{D3F351EF-4368-4266-B44B-ECDA02B98F97}.AppStore|Any CPU.Build.0 = Release|x86
		{D3F351EF-4368-4266-B44B-ECDA02B98F97}.AppStore|Any CPU.Deploy.0 = Release|x86
		{D3F351EF-4368-4266-B44B-ECDA02B98F97}.AppStore|ARM.ActiveCfg = Release|ARM
		{D3F351EF-4368-4266-B44B-ECDA02B98F97}.AppStore|ARM.Build.0 = Release|ARM
		{D3F351EF-4368-4266-B44B-ECDA02B98F97}.AppStore|ARM.Deploy.0 = Release|ARM
		{D3F351EF-4368-4266-B44B-ECDA02B98F97}.AppStore|iPhone.ActiveCfg = Release|x86
		{D3F351EF-4368-4266-B44B-ECDA02B98F97}.AppStore|iPhone.Build.0 = Release|x86
		{D3F351EF-4368-4266-B44B-ECDA02B98F97}.AppStore|iPhone.Deploy.0 = Release|x86
		{D3F351EF-4368-4266-B44B-ECDA02B98F97}.AppStore|iPhoneSimulator.ActiveCfg = Release|x86
		{D3F351EF-4368-4266-B44B-ECDA02B98F97}.AppStore|iPhoneSimulator.Build.0 = Release|x86
		{D3F351EF-4368-4266-B44B-ECDA02B98F97}.AppStore|iPhoneSimulator.Deploy.0 = Release|x86
		{D3F351EF-4368-4266-B44B-ECDA02B98F97}.AppStore|x64.ActiveCfg = Release|x64
		{D3F351EF-4368-4266-B44B-ECDA02B98F97}.AppStore|x64.Build.0 = Release|x64
		{D3F351EF-4368-4266-B44B-ECDA02B98F97}.AppStore|x64.Deploy.0 = Release|x64
		{D3F351EF-4368-4266-B44B-ECDA02B98F97}.AppStore|x86.ActiveCfg = Release|x86
		{D3F351EF-4368-4266-B44B-ECDA02B98F97}.AppStore|x86.Build.0 = Release|x86
		{D3F351EF-4368-4266-B44B-ECDA02B98F97}.AppStore|x86.Deploy.0 = Release|x86
		{D3F351EF-4368-4266-B44B-ECDA02B98F97}.Debug .NET Native|Any CPU.ActiveCfg = Debug .NET Native|x86
		{D3F351EF-4368-4266-B44B-ECDA02B98F97}.Debug .NET Native|Any CPU.Build.0 = Debug .NET Native|x86
		{D3F351EF-4368-4266-B44B-ECDA02B98F97}.Debug .NET Native|Any CPU.Deploy.0 = Debug .NET Native|x86
		{D3F351EF-4368-4266-B44B-ECDA02B98F97}.Debug .NET Native|ARM.ActiveCfg = Debug .NET Native|ARM
		{D3F351EF-4368-4266-B44B-ECDA02B98F97}.Debug .NET Native|ARM.Build.0 = Debug .NET Native|ARM
		{D3F351EF-4368-4266-B44B-ECDA02B98F97}.Debug .NET Native|ARM.Deploy.0 = Debug .NET Native|ARM
		{D3F351EF-4368-4266-B44B-ECDA02B98F97}.Debug .NET Native|iPhone.ActiveCfg = Debug .NET Native|x86
		{D3F351EF-4368-4266-B44B-ECDA02B98F97}.Debug .NET Native|iPhoneSimulator.ActiveCfg = Debug .NET Native|x86
		{D3F351EF-4368-4266-B44B-ECDA02B98F97}.Debug .NET Native|x64.ActiveCfg = Debug .NET Native|x64
		{D3F351EF-4368-4266-B44B-ECDA02B98F97}.Debug .NET Native|x64.Build.0 = Debug .NET Native|x64
		{D3F351EF-4368-4266-B44B-ECDA02B98F97}.Debug .NET Native|x64.Deploy.0 = Debug .NET Native|x64
		{D3F351EF-4368-4266-B44B-ECDA02B98F97}.Debug .NET Native|x86.ActiveCfg = Debug .NET Native|x86
		{D3F351EF-4368-4266-B44B-ECDA02B98F97}.Debug .NET Native|x86.Build.0 = Debug .NET Native|x86
		{D3F351EF-4368-4266-B44B-ECDA02B98F97}.Debug .NET Native|x86.Deploy.0 = Debug .NET Native|x86
		{D3F351EF-4368-4266-B44B-ECDA02B98F97}.Debug|Any CPU.ActiveCfg = Debug|x86
		{D3F351EF-4368-4266-B44B-ECDA02B98F97}.Debug|Any CPU.Build.0 = Debug|x86
		{D3F351EF-4368-4266-B44B-ECDA02B98F97}.Debug|Any CPU.Deploy.0 = Debug|x86
		{D3F351EF-4368-4266-B44B-ECDA02B98F97}.Debug|ARM.ActiveCfg = Debug|ARM
		{D3F351EF-4368-4266-B44B-ECDA02B98F97}.Debug|ARM.Build.0 = Debug|ARM
		{D3F351EF-4368-4266-B44B-ECDA02B98F97}.Debug|ARM.Deploy.0 = Debug|ARM
		{D3F351EF-4368-4266-B44B-ECDA02B98F97}.Debug|iPhone.ActiveCfg = Debug|x86
		{D3F351EF-4368-4266-B44B-ECDA02B98F97}.Debug|iPhoneSimulator.ActiveCfg = Debug|x86
		{D3F351EF-4368-4266-B44B-ECDA02B98F97}.Debug|x64.ActiveCfg = Debug|x64
		{D3F351EF-4368-4266-B44B-ECDA02B98F97}.Debug|x64.Build.0 = Debug|x64
		{D3F351EF-4368-4266-B44B-ECDA02B98F97}.Debug|x64.Deploy.0 = Debug|x64
		{D3F351EF-4368-4266-B44B-ECDA02B98F97}.Debug|x86.ActiveCfg = Debug|x86
		{D3F351EF-4368-4266-B44B-ECDA02B98F97}.Debug|x86.Build.0 = Debug|x86
		{D3F351EF-4368-4266-B44B-ECDA02B98F97}.Debug|x86.Deploy.0 = Debug|x86
		{D3F351EF-4368-4266-B44B-ECDA02B98F97}.Release|Any CPU.ActiveCfg = Release|x86
		{D3F351EF-4368-4266-B44B-ECDA02B98F97}.Release|Any CPU.Build.0 = Release|x86
		{D3F351EF-4368-4266-B44B-ECDA02B98F97}.Release|Any CPU.Deploy.0 = Release|x86
		{D3F351EF-4368-4266-B44B-ECDA02B98F97}.Release|ARM.ActiveCfg = Release|ARM
		{D3F351EF-4368-4266-B44B-ECDA02B98F97}.Release|ARM.Build.0 = Release|ARM
		{D3F351EF-4368-4266-B44B-ECDA02B98F97}.Release|ARM.Deploy.0 = Release|ARM
		{D3F351EF-4368-4266-B44B-ECDA02B98F97}.Release|iPhone.ActiveCfg = Release|x86
		{D3F351EF-4368-4266-B44B-ECDA02B98F97}.Release|iPhoneSimulator.ActiveCfg = Release|x86
		{D3F351EF-4368-4266-B44B-ECDA02B98F97}.Release|x64.ActiveCfg = Release|x64
		{D3F351EF-4368-4266-B44B-ECDA02B98F97}.Release|x64.Build.0 = Release|x64
		{D3F351EF-4368-4266-B44B-ECDA02B98F97}.Release|x64.Deploy.0 = Release|x64
		{D3F351EF-4368-4266-B44B-ECDA02B98F97}.Release|x86.ActiveCfg = Release|x86
		{D3F351EF-4368-4266-B44B-ECDA02B98F97}.Release|x86.Build.0 = Release|x86
		{D3F351EF-4368-4266-B44B-ECDA02B98F97}.Release|x86.Deploy.0 = Release|x86
		{BC79F95F-337F-42BA-856C-5715257A74D7}.Ad-Hoc|Any CPU.ActiveCfg = Ad-Hoc|iPhone
		{BC79F95F-337F-42BA-856C-5715257A74D7}.Ad-Hoc|ARM.ActiveCfg = Ad-Hoc|iPhone
		{BC79F95F-337F-42BA-856C-5715257A74D7}.Ad-Hoc|iPhone.ActiveCfg = Ad-Hoc|iPhone
		{BC79F95F-337F-42BA-856C-5715257A74D7}.Ad-Hoc|iPhone.Build.0 = Ad-Hoc|iPhone
		{BC79F95F-337F-42BA-856C-5715257A74D7}.Ad-Hoc|iPhoneSimulator.ActiveCfg = Ad-Hoc|iPhoneSimulator
		{BC79F95F-337F-42BA-856C-5715257A74D7}.Ad-Hoc|iPhoneSimulator.Build.0 = Ad-Hoc|iPhoneSimulator
		{BC79F95F-337F-42BA-856C-5715257A74D7}.Ad-Hoc|x64.ActiveCfg = Ad-Hoc|iPhone
		{BC79F95F-337F-42BA-856C-5715257A74D7}.Ad-Hoc|x86.ActiveCfg = Ad-Hoc|iPhone
		{BC79F95F-337F-42BA-856C-5715257A74D7}.AppStore|Any CPU.ActiveCfg = AppStore|iPhone
		{BC79F95F-337F-42BA-856C-5715257A74D7}.AppStore|ARM.ActiveCfg = AppStore|iPhone
		{BC79F95F-337F-42BA-856C-5715257A74D7}.AppStore|iPhone.ActiveCfg = AppStore|iPhone
		{BC79F95F-337F-42BA-856C-5715257A74D7}.AppStore|iPhone.Build.0 = AppStore|iPhone
		{BC79F95F-337F-42BA-856C-5715257A74D7}.AppStore|iPhoneSimulator.ActiveCfg = AppStore|iPhoneSimulator
		{BC79F95F-337F-42BA-856C-5715257A74D7}.AppStore|iPhoneSimulator.Build.0 = AppStore|iPhoneSimulator
		{BC79F95F-337F-42BA-856C-5715257A74D7}.AppStore|x64.ActiveCfg = AppStore|iPhone
		{BC79F95F-337F-42BA-856C-5715257A74D7}.AppStore|x86.ActiveCfg = AppStore|iPhone
		{BC79F95F-337F-42BA-856C-5715257A74D7}.Debug .NET Native|Any CPU.ActiveCfg = Debug .NET Native|iPhone
		{BC79F95F-337F-42BA-856C-5715257A74D7}.Debug .NET Native|ARM.ActiveCfg = Debug .NET Native|iPhone
		{BC79F95F-337F-42BA-856C-5715257A74D7}.Debug .NET Native|iPhone.ActiveCfg = Debug .NET Native|iPhone
		{BC79F95F-337F-42BA-856C-5715257A74D7}.Debug .NET Native|iPhoneSimulator.ActiveCfg = Debug .NET Native|iPhoneSimulator
		{BC79F95F-337F-42BA-856C-5715257A74D7}.Debug .NET Native|x64.ActiveCfg = Debug .NET Native|iPhone
		{BC79F95F-337F-42BA-856C-5715257A74D7}.Debug .NET Native|x86.ActiveCfg = Debug .NET Native|iPhone
		{BC79F95F-337F-42BA-856C-5715257A74D7}.Debug|Any CPU.ActiveCfg = Debug|iPhone
		{BC79F95F-337F-42BA-856C-5715257A74D7}.Debug|Any CPU.Build.0 = Debug|iPhone
		{BC79F95F-337F-42BA-856C-5715257A74D7}.Debug|ARM.ActiveCfg = Debug|iPhone
		{BC79F95F-337F-42BA-856C-5715257A74D7}.Debug|iPhone.ActiveCfg = Debug|iPhone
		{BC79F95F-337F-42BA-856C-5715257A74D7}.Debug|iPhone.Build.0 = Debug|iPhone
		{BC79F95F-337F-42BA-856C-5715257A74D7}.Debug|iPhoneSimulator.ActiveCfg = Debug|iPhoneSimulator
		{BC79F95F-337F-42BA-856C-5715257A74D7}.Debug|iPhoneSimulator.Build.0 = Debug|iPhoneSimulator
		{BC79F95F-337F-42BA-856C-5715257A74D7}.Debug|x64.ActiveCfg = Debug|iPhone
		{BC79F95F-337F-42BA-856C-5715257A74D7}.Debug|x86.ActiveCfg = Debug|iPhone
		{BC79F95F-337F-42BA-856C-5715257A74D7}.Release|Any CPU.ActiveCfg = Release|iPhone
		{BC79F95F-337F-42BA-856C-5715257A74D7}.Release|ARM.ActiveCfg = Release|iPhone
		{BC79F95F-337F-42BA-856C-5715257A74D7}.Release|iPhone.ActiveCfg = Release|iPhone
		{BC79F95F-337F-42BA-856C-5715257A74D7}.Release|iPhone.Build.0 = Release|iPhone
		{BC79F95F-337F-42BA-856C-5715257A74D7}.Release|iPhoneSimulator.ActiveCfg = Release|iPhoneSimulator
		{BC79F95F-337F-42BA-856C-5715257A74D7}.Release|iPhoneSimulator.Build.0 = Release|iPhoneSimulator
		{BC79F95F-337F-42BA-856C-5715257A74D7}.Release|x64.ActiveCfg = Release|iPhone
		{BC79F95F-337F-42BA-856C-5715257A74D7}.Release|x86.ActiveCfg = Release|iPhone
		{4C1AF895-204D-4630-93DE-D6B2568BDB6B}.Ad-Hoc|Any CPU.ActiveCfg = Release|Any CPU
		{4C1AF895-204D-4630-93DE-D6B2568BDB6B}.Ad-Hoc|Any CPU.Build.0 = Release|Any CPU
		{4C1AF895-204D-4630-93DE-D6B2568BDB6B}.Ad-Hoc|ARM.ActiveCfg = Release|Any CPU
		{4C1AF895-204D-4630-93DE-D6B2568BDB6B}.Ad-Hoc|ARM.Build.0 = Release|Any CPU
		{4C1AF895-204D-4630-93DE-D6B2568BDB6B}.Ad-Hoc|iPhone.ActiveCfg = Release|Any CPU
		{4C1AF895-204D-4630-93DE-D6B2568BDB6B}.Ad-Hoc|iPhone.Build.0 = Release|Any CPU
		{4C1AF895-204D-4630-93DE-D6B2568BDB6B}.Ad-Hoc|iPhoneSimulator.ActiveCfg = Release|Any CPU
		{4C1AF895-204D-4630-93DE-D6B2568BDB6B}.Ad-Hoc|iPhoneSimulator.Build.0 = Release|Any CPU
		{4C1AF895-204D-4630-93DE-D6B2568BDB6B}.Ad-Hoc|x64.ActiveCfg = Release|Any CPU
		{4C1AF895-204D-4630-93DE-D6B2568BDB6B}.Ad-Hoc|x64.Build.0 = Release|Any CPU
		{4C1AF895-204D-4630-93DE-D6B2568BDB6B}.Ad-Hoc|x86.ActiveCfg = Release|Any CPU
		{4C1AF895-204D-4630-93DE-D6B2568BDB6B}.Ad-Hoc|x86.Build.0 = Release|Any CPU
		{4C1AF895-204D-4630-93DE-D6B2568BDB6B}.AppStore|Any CPU.ActiveCfg = Release|Any CPU
		{4C1AF895-204D-4630-93DE-D6B2568BDB6B}.AppStore|Any CPU.Build.0 = Release|Any CPU
		{4C1AF895-204D-4630-93DE-D6B2568BDB6B}.AppStore|ARM.ActiveCfg = Release|Any CPU
		{4C1AF895-204D-4630-93DE-D6B2568BDB6B}.AppStore|ARM.Build.0 = Release|Any CPU
		{4C1AF895-204D-4630-93DE-D6B2568BDB6B}.AppStore|iPhone.ActiveCfg = Release|Any CPU
		{4C1AF895-204D-4630-93DE-D6B2568BDB6B}.AppStore|iPhone.Build.0 = Release|Any CPU
		{4C1AF895-204D-4630-93DE-D6B2568BDB6B}.AppStore|iPhoneSimulator.ActiveCfg = Release|Any CPU
		{4C1AF895-204D-4630-93DE-D6B2568BDB6B}.AppStore|iPhoneSimulator.Build.0 = Release|Any CPU
		{4C1AF895-204D-4630-93DE-D6B2568BDB6B}.AppStore|x64.ActiveCfg = Release|Any CPU
		{4C1AF895-204D-4630-93DE-D6B2568BDB6B}.AppStore|x64.Build.0 = Release|Any CPU
		{4C1AF895-204D-4630-93DE-D6B2568BDB6B}.AppStore|x86.ActiveCfg = Release|Any CPU
		{4C1AF895-204D-4630-93DE-D6B2568BDB6B}.AppStore|x86.Build.0 = Release|Any CPU
		{4C1AF895-204D-4630-93DE-D6B2568BDB6B}.Debug .NET Native|Any CPU.ActiveCfg = Debug .NET Native|Any CPU
		{4C1AF895-204D-4630-93DE-D6B2568BDB6B}.Debug .NET Native|Any CPU.Build.0 = Debug .NET Native|Any CPU
		{4C1AF895-204D-4630-93DE-D6B2568BDB6B}.Debug .NET Native|ARM.ActiveCfg = Debug .NET Native|Any CPU
		{4C1AF895-204D-4630-93DE-D6B2568BDB6B}.Debug .NET Native|ARM.Build.0 = Debug .NET Native|Any CPU
		{4C1AF895-204D-4630-93DE-D6B2568BDB6B}.Debug .NET Native|iPhone.ActiveCfg = Debug .NET Native|Any CPU
		{4C1AF895-204D-4630-93DE-D6B2568BDB6B}.Debug .NET Native|iPhone.Build.0 = Debug .NET Native|Any CPU
		{4C1AF895-204D-4630-93DE-D6B2568BDB6B}.Debug .NET Native|iPhoneSimulator.ActiveCfg = Debug .NET Native|Any CPU
		{4C1AF895-204D-4630-93DE-D6B2568BDB6B}.Debug .NET Native|iPhoneSimulator.Build.0 = Debug .NET Native|Any CPU
		{4C1AF895-204D-4630-93DE-D6B2568BDB6B}.Debug .NET Native|x64.ActiveCfg = Debug .NET Native|Any CPU
		{4C1AF895-204D-4630-93DE-D6B2568BDB6B}.Debug .NET Native|x64.Build.0 = Debug .NET Native|Any CPU
		{4C1AF895-204D-4630-93DE-D6B2568BDB6B}.Debug .NET Native|x86.ActiveCfg = Debug .NET Native|Any CPU
		{4C1AF895-204D-4630-93DE-D6B2568BDB6B}.Debug .NET Native|x86.Build.0 = Debug .NET Native|Any CPU
		{4C1AF895-204D-4630-93DE-D6B2568BDB6B}.Debug|Any CPU.ActiveCfg = Debug|Any CPU
		{4C1AF895-204D-4630-93DE-D6B2568BDB6B}.Debug|Any CPU.Build.0 = Debug|Any CPU
		{4C1AF895-204D-4630-93DE-D6B2568BDB6B}.Debug|ARM.ActiveCfg = Debug|Any CPU
		{4C1AF895-204D-4630-93DE-D6B2568BDB6B}.Debug|ARM.Build.0 = Debug|Any CPU
		{4C1AF895-204D-4630-93DE-D6B2568BDB6B}.Debug|iPhone.ActiveCfg = Debug|Any CPU
		{4C1AF895-204D-4630-93DE-D6B2568BDB6B}.Debug|iPhone.Build.0 = Debug|Any CPU
		{4C1AF895-204D-4630-93DE-D6B2568BDB6B}.Debug|iPhoneSimulator.ActiveCfg = Debug|Any CPU
		{4C1AF895-204D-4630-93DE-D6B2568BDB6B}.Debug|iPhoneSimulator.Build.0 = Debug|Any CPU
		{4C1AF895-204D-4630-93DE-D6B2568BDB6B}.Debug|x64.ActiveCfg = Debug|Any CPU
		{4C1AF895-204D-4630-93DE-D6B2568BDB6B}.Debug|x64.Build.0 = Debug|Any CPU
		{4C1AF895-204D-4630-93DE-D6B2568BDB6B}.Debug|x86.ActiveCfg = Debug|Any CPU
		{4C1AF895-204D-4630-93DE-D6B2568BDB6B}.Debug|x86.Build.0 = Debug|Any CPU
		{4C1AF895-204D-4630-93DE-D6B2568BDB6B}.Release|Any CPU.ActiveCfg = Release|Any CPU
		{4C1AF895-204D-4630-93DE-D6B2568BDB6B}.Release|Any CPU.Build.0 = Release|Any CPU
		{4C1AF895-204D-4630-93DE-D6B2568BDB6B}.Release|ARM.ActiveCfg = Release|Any CPU
		{4C1AF895-204D-4630-93DE-D6B2568BDB6B}.Release|ARM.Build.0 = Release|Any CPU
		{4C1AF895-204D-4630-93DE-D6B2568BDB6B}.Release|iPhone.ActiveCfg = Release|Any CPU
		{4C1AF895-204D-4630-93DE-D6B2568BDB6B}.Release|iPhone.Build.0 = Release|Any CPU
		{4C1AF895-204D-4630-93DE-D6B2568BDB6B}.Release|iPhoneSimulator.ActiveCfg = Release|Any CPU
		{4C1AF895-204D-4630-93DE-D6B2568BDB6B}.Release|iPhoneSimulator.Build.0 = Release|Any CPU
		{4C1AF895-204D-4630-93DE-D6B2568BDB6B}.Release|x64.ActiveCfg = Release|Any CPU
		{4C1AF895-204D-4630-93DE-D6B2568BDB6B}.Release|x64.Build.0 = Release|Any CPU
		{4C1AF895-204D-4630-93DE-D6B2568BDB6B}.Release|x86.ActiveCfg = Release|Any CPU
		{4C1AF895-204D-4630-93DE-D6B2568BDB6B}.Release|x86.Build.0 = Release|Any CPU
		{53C4C639-F230-4A0F-BE4F-AF175542B556}.Ad-Hoc|Any CPU.ActiveCfg = Release|Any CPU
		{53C4C639-F230-4A0F-BE4F-AF175542B556}.Ad-Hoc|Any CPU.Build.0 = Release|Any CPU
		{53C4C639-F230-4A0F-BE4F-AF175542B556}.Ad-Hoc|ARM.ActiveCfg = Release|ARM
		{53C4C639-F230-4A0F-BE4F-AF175542B556}.Ad-Hoc|ARM.Build.0 = Release|ARM
		{53C4C639-F230-4A0F-BE4F-AF175542B556}.Ad-Hoc|iPhone.ActiveCfg = Release|Any CPU
		{53C4C639-F230-4A0F-BE4F-AF175542B556}.Ad-Hoc|iPhone.Build.0 = Release|Any CPU
		{53C4C639-F230-4A0F-BE4F-AF175542B556}.Ad-Hoc|iPhoneSimulator.ActiveCfg = Release|Any CPU
		{53C4C639-F230-4A0F-BE4F-AF175542B556}.Ad-Hoc|iPhoneSimulator.Build.0 = Release|Any CPU
		{53C4C639-F230-4A0F-BE4F-AF175542B556}.Ad-Hoc|x64.ActiveCfg = Release|x64
		{53C4C639-F230-4A0F-BE4F-AF175542B556}.Ad-Hoc|x64.Build.0 = Release|x64
		{53C4C639-F230-4A0F-BE4F-AF175542B556}.Ad-Hoc|x86.ActiveCfg = Release|x86
		{53C4C639-F230-4A0F-BE4F-AF175542B556}.Ad-Hoc|x86.Build.0 = Release|x86
		{53C4C639-F230-4A0F-BE4F-AF175542B556}.AppStore|Any CPU.ActiveCfg = Release|Any CPU
		{53C4C639-F230-4A0F-BE4F-AF175542B556}.AppStore|Any CPU.Build.0 = Release|Any CPU
		{53C4C639-F230-4A0F-BE4F-AF175542B556}.AppStore|ARM.ActiveCfg = Release|ARM
		{53C4C639-F230-4A0F-BE4F-AF175542B556}.AppStore|ARM.Build.0 = Release|ARM
		{53C4C639-F230-4A0F-BE4F-AF175542B556}.AppStore|iPhone.ActiveCfg = Release|Any CPU
		{53C4C639-F230-4A0F-BE4F-AF175542B556}.AppStore|iPhone.Build.0 = Release|Any CPU
		{53C4C639-F230-4A0F-BE4F-AF175542B556}.AppStore|iPhoneSimulator.ActiveCfg = Release|Any CPU
		{53C4C639-F230-4A0F-BE4F-AF175542B556}.AppStore|iPhoneSimulator.Build.0 = Release|Any CPU
		{53C4C639-F230-4A0F-BE4F-AF175542B556}.AppStore|x64.ActiveCfg = Release|x64
		{53C4C639-F230-4A0F-BE4F-AF175542B556}.AppStore|x64.Build.0 = Release|x64
		{53C4C639-F230-4A0F-BE4F-AF175542B556}.AppStore|x86.ActiveCfg = Release|x86
		{53C4C639-F230-4A0F-BE4F-AF175542B556}.AppStore|x86.Build.0 = Release|x86
		{53C4C639-F230-4A0F-BE4F-AF175542B556}.Debug .NET Native|Any CPU.ActiveCfg = Debug .NET Native|Any CPU
		{53C4C639-F230-4A0F-BE4F-AF175542B556}.Debug .NET Native|Any CPU.Build.0 = Debug .NET Native|Any CPU
		{53C4C639-F230-4A0F-BE4F-AF175542B556}.Debug .NET Native|ARM.ActiveCfg = Debug .NET Native|ARM
		{53C4C639-F230-4A0F-BE4F-AF175542B556}.Debug .NET Native|ARM.Build.0 = Debug .NET Native|ARM
		{53C4C639-F230-4A0F-BE4F-AF175542B556}.Debug .NET Native|iPhone.ActiveCfg = Debug .NET Native|Any CPU
		{53C4C639-F230-4A0F-BE4F-AF175542B556}.Debug .NET Native|iPhone.Build.0 = Debug .NET Native|Any CPU
		{53C4C639-F230-4A0F-BE4F-AF175542B556}.Debug .NET Native|iPhoneSimulator.ActiveCfg = Debug .NET Native|Any CPU
		{53C4C639-F230-4A0F-BE4F-AF175542B556}.Debug .NET Native|iPhoneSimulator.Build.0 = Debug .NET Native|Any CPU
		{53C4C639-F230-4A0F-BE4F-AF175542B556}.Debug .NET Native|x64.ActiveCfg = Debug .NET Native|x64
		{53C4C639-F230-4A0F-BE4F-AF175542B556}.Debug .NET Native|x64.Build.0 = Debug .NET Native|x64
		{53C4C639-F230-4A0F-BE4F-AF175542B556}.Debug .NET Native|x86.ActiveCfg = Debug .NET Native|x86
		{53C4C639-F230-4A0F-BE4F-AF175542B556}.Debug .NET Native|x86.Build.0 = Debug .NET Native|x86
		{53C4C639-F230-4A0F-BE4F-AF175542B556}.Debug|Any CPU.ActiveCfg = Debug|Any CPU
		{53C4C639-F230-4A0F-BE4F-AF175542B556}.Debug|Any CPU.Build.0 = Debug|Any CPU
		{53C4C639-F230-4A0F-BE4F-AF175542B556}.Debug|ARM.ActiveCfg = Debug|ARM
		{53C4C639-F230-4A0F-BE4F-AF175542B556}.Debug|ARM.Build.0 = Debug|ARM
		{53C4C639-F230-4A0F-BE4F-AF175542B556}.Debug|iPhone.ActiveCfg = Debug|Any CPU
		{53C4C639-F230-4A0F-BE4F-AF175542B556}.Debug|iPhone.Build.0 = Debug|Any CPU
		{53C4C639-F230-4A0F-BE4F-AF175542B556}.Debug|iPhoneSimulator.ActiveCfg = Debug|Any CPU
		{53C4C639-F230-4A0F-BE4F-AF175542B556}.Debug|iPhoneSimulator.Build.0 = Debug|Any CPU
		{53C4C639-F230-4A0F-BE4F-AF175542B556}.Debug|x64.ActiveCfg = Debug|x64
		{53C4C639-F230-4A0F-BE4F-AF175542B556}.Debug|x64.Build.0 = Debug|x64
		{53C4C639-F230-4A0F-BE4F-AF175542B556}.Debug|x86.ActiveCfg = Debug|x86
		{53C4C639-F230-4A0F-BE4F-AF175542B556}.Debug|x86.Build.0 = Debug|x86
		{53C4C639-F230-4A0F-BE4F-AF175542B556}.Release|Any CPU.ActiveCfg = Release|Any CPU
		{53C4C639-F230-4A0F-BE4F-AF175542B556}.Release|Any CPU.Build.0 = Release|Any CPU
		{53C4C639-F230-4A0F-BE4F-AF175542B556}.Release|ARM.ActiveCfg = Release|ARM
		{53C4C639-F230-4A0F-BE4F-AF175542B556}.Release|ARM.Build.0 = Release|ARM
		{53C4C639-F230-4A0F-BE4F-AF175542B556}.Release|iPhone.ActiveCfg = Release|Any CPU
		{53C4C639-F230-4A0F-BE4F-AF175542B556}.Release|iPhone.Build.0 = Release|Any CPU
		{53C4C639-F230-4A0F-BE4F-AF175542B556}.Release|iPhoneSimulator.ActiveCfg = Release|Any CPU
		{53C4C639-F230-4A0F-BE4F-AF175542B556}.Release|iPhoneSimulator.Build.0 = Release|Any CPU
		{53C4C639-F230-4A0F-BE4F-AF175542B556}.Release|x64.ActiveCfg = Release|x64
		{53C4C639-F230-4A0F-BE4F-AF175542B556}.Release|x64.Build.0 = Release|x64
		{53C4C639-F230-4A0F-BE4F-AF175542B556}.Release|x86.ActiveCfg = Release|x86
		{53C4C639-F230-4A0F-BE4F-AF175542B556}.Release|x86.Build.0 = Release|x86
		{14C534B6-1984-41A9-A384-D3A5508588E3}.Ad-Hoc|Any CPU.ActiveCfg = Release|Any CPU
		{14C534B6-1984-41A9-A384-D3A5508588E3}.Ad-Hoc|Any CPU.Build.0 = Release|Any CPU
		{14C534B6-1984-41A9-A384-D3A5508588E3}.Ad-Hoc|ARM.ActiveCfg = Release|Any CPU
		{14C534B6-1984-41A9-A384-D3A5508588E3}.Ad-Hoc|ARM.Build.0 = Release|Any CPU
		{14C534B6-1984-41A9-A384-D3A5508588E3}.Ad-Hoc|iPhone.ActiveCfg = Release|Any CPU
		{14C534B6-1984-41A9-A384-D3A5508588E3}.Ad-Hoc|iPhone.Build.0 = Release|Any CPU
		{14C534B6-1984-41A9-A384-D3A5508588E3}.Ad-Hoc|iPhoneSimulator.ActiveCfg = Release|Any CPU
		{14C534B6-1984-41A9-A384-D3A5508588E3}.Ad-Hoc|iPhoneSimulator.Build.0 = Release|Any CPU
		{14C534B6-1984-41A9-A384-D3A5508588E3}.Ad-Hoc|x64.ActiveCfg = Release|Any CPU
		{14C534B6-1984-41A9-A384-D3A5508588E3}.Ad-Hoc|x64.Build.0 = Release|Any CPU
		{14C534B6-1984-41A9-A384-D3A5508588E3}.Ad-Hoc|x86.ActiveCfg = Release|Any CPU
		{14C534B6-1984-41A9-A384-D3A5508588E3}.Ad-Hoc|x86.Build.0 = Release|Any CPU
		{14C534B6-1984-41A9-A384-D3A5508588E3}.AppStore|Any CPU.ActiveCfg = Release|Any CPU
		{14C534B6-1984-41A9-A384-D3A5508588E3}.AppStore|Any CPU.Build.0 = Release|Any CPU
		{14C534B6-1984-41A9-A384-D3A5508588E3}.AppStore|ARM.ActiveCfg = Release|Any CPU
		{14C534B6-1984-41A9-A384-D3A5508588E3}.AppStore|ARM.Build.0 = Release|Any CPU
		{14C534B6-1984-41A9-A384-D3A5508588E3}.AppStore|iPhone.ActiveCfg = Release|Any CPU
		{14C534B6-1984-41A9-A384-D3A5508588E3}.AppStore|iPhone.Build.0 = Release|Any CPU
		{14C534B6-1984-41A9-A384-D3A5508588E3}.AppStore|iPhoneSimulator.ActiveCfg = Release|Any CPU
		{14C534B6-1984-41A9-A384-D3A5508588E3}.AppStore|iPhoneSimulator.Build.0 = Release|Any CPU
		{14C534B6-1984-41A9-A384-D3A5508588E3}.AppStore|x64.ActiveCfg = Release|Any CPU
		{14C534B6-1984-41A9-A384-D3A5508588E3}.AppStore|x64.Build.0 = Release|Any CPU
		{14C534B6-1984-41A9-A384-D3A5508588E3}.AppStore|x86.ActiveCfg = Release|Any CPU
		{14C534B6-1984-41A9-A384-D3A5508588E3}.AppStore|x86.Build.0 = Release|Any CPU
		{14C534B6-1984-41A9-A384-D3A5508588E3}.Debug .NET Native|Any CPU.ActiveCfg = Debug .NET Native|Any CPU
		{14C534B6-1984-41A9-A384-D3A5508588E3}.Debug .NET Native|Any CPU.Build.0 = Debug .NET Native|Any CPU
		{14C534B6-1984-41A9-A384-D3A5508588E3}.Debug .NET Native|ARM.ActiveCfg = Debug .NET Native|Any CPU
		{14C534B6-1984-41A9-A384-D3A5508588E3}.Debug .NET Native|ARM.Build.0 = Debug .NET Native|Any CPU
		{14C534B6-1984-41A9-A384-D3A5508588E3}.Debug .NET Native|iPhone.ActiveCfg = Debug .NET Native|Any CPU
		{14C534B6-1984-41A9-A384-D3A5508588E3}.Debug .NET Native|iPhone.Build.0 = Debug .NET Native|Any CPU
		{14C534B6-1984-41A9-A384-D3A5508588E3}.Debug .NET Native|iPhoneSimulator.ActiveCfg = Debug .NET Native|Any CPU
		{14C534B6-1984-41A9-A384-D3A5508588E3}.Debug .NET Native|iPhoneSimulator.Build.0 = Debug .NET Native|Any CPU
		{14C534B6-1984-41A9-A384-D3A5508588E3}.Debug .NET Native|x64.ActiveCfg = Debug .NET Native|Any CPU
		{14C534B6-1984-41A9-A384-D3A5508588E3}.Debug .NET Native|x64.Build.0 = Debug .NET Native|Any CPU
		{14C534B6-1984-41A9-A384-D3A5508588E3}.Debug .NET Native|x86.ActiveCfg = Debug .NET Native|Any CPU
		{14C534B6-1984-41A9-A384-D3A5508588E3}.Debug .NET Native|x86.Build.0 = Debug .NET Native|Any CPU
		{14C534B6-1984-41A9-A384-D3A5508588E3}.Debug|Any CPU.ActiveCfg = Debug|Any CPU
		{14C534B6-1984-41A9-A384-D3A5508588E3}.Debug|Any CPU.Build.0 = Debug|Any CPU
		{14C534B6-1984-41A9-A384-D3A5508588E3}.Debug|ARM.ActiveCfg = Debug|Any CPU
		{14C534B6-1984-41A9-A384-D3A5508588E3}.Debug|ARM.Build.0 = Debug|Any CPU
		{14C534B6-1984-41A9-A384-D3A5508588E3}.Debug|iPhone.ActiveCfg = Debug|Any CPU
		{14C534B6-1984-41A9-A384-D3A5508588E3}.Debug|iPhone.Build.0 = Debug|Any CPU
		{14C534B6-1984-41A9-A384-D3A5508588E3}.Debug|iPhoneSimulator.ActiveCfg = Debug|Any CPU
		{14C534B6-1984-41A9-A384-D3A5508588E3}.Debug|iPhoneSimulator.Build.0 = Debug|Any CPU
		{14C534B6-1984-41A9-A384-D3A5508588E3}.Debug|x64.ActiveCfg = Debug|Any CPU
		{14C534B6-1984-41A9-A384-D3A5508588E3}.Debug|x64.Build.0 = Debug|Any CPU
		{14C534B6-1984-41A9-A384-D3A5508588E3}.Debug|x86.ActiveCfg = Debug|Any CPU
		{14C534B6-1984-41A9-A384-D3A5508588E3}.Debug|x86.Build.0 = Debug|Any CPU
		{14C534B6-1984-41A9-A384-D3A5508588E3}.Release|Any CPU.ActiveCfg = Release|Any CPU
		{14C534B6-1984-41A9-A384-D3A5508588E3}.Release|Any CPU.Build.0 = Release|Any CPU
		{14C534B6-1984-41A9-A384-D3A5508588E3}.Release|ARM.ActiveCfg = Release|Any CPU
		{14C534B6-1984-41A9-A384-D3A5508588E3}.Release|ARM.Build.0 = Release|Any CPU
		{14C534B6-1984-41A9-A384-D3A5508588E3}.Release|iPhone.ActiveCfg = Release|Any CPU
		{14C534B6-1984-41A9-A384-D3A5508588E3}.Release|iPhone.Build.0 = Release|Any CPU
		{14C534B6-1984-41A9-A384-D3A5508588E3}.Release|iPhoneSimulator.ActiveCfg = Release|Any CPU
		{14C534B6-1984-41A9-A384-D3A5508588E3}.Release|iPhoneSimulator.Build.0 = Release|Any CPU
		{14C534B6-1984-41A9-A384-D3A5508588E3}.Release|x64.ActiveCfg = Release|Any CPU
		{14C534B6-1984-41A9-A384-D3A5508588E3}.Release|x64.Build.0 = Release|Any CPU
		{14C534B6-1984-41A9-A384-D3A5508588E3}.Release|x86.ActiveCfg = Release|Any CPU
		{14C534B6-1984-41A9-A384-D3A5508588E3}.Release|x86.Build.0 = Release|Any CPU
		{AD2D2DB4-E781-4CF1-9B62-3AAD264F196D}.Ad-Hoc|Any CPU.ActiveCfg = Release|Any CPU
		{AD2D2DB4-E781-4CF1-9B62-3AAD264F196D}.Ad-Hoc|Any CPU.Build.0 = Release|Any CPU
		{AD2D2DB4-E781-4CF1-9B62-3AAD264F196D}.Ad-Hoc|ARM.ActiveCfg = Release|Any CPU
		{AD2D2DB4-E781-4CF1-9B62-3AAD264F196D}.Ad-Hoc|ARM.Build.0 = Release|Any CPU
		{AD2D2DB4-E781-4CF1-9B62-3AAD264F196D}.Ad-Hoc|iPhone.ActiveCfg = Release|Any CPU
		{AD2D2DB4-E781-4CF1-9B62-3AAD264F196D}.Ad-Hoc|iPhone.Build.0 = Release|Any CPU
		{AD2D2DB4-E781-4CF1-9B62-3AAD264F196D}.Ad-Hoc|iPhoneSimulator.ActiveCfg = Release|Any CPU
		{AD2D2DB4-E781-4CF1-9B62-3AAD264F196D}.Ad-Hoc|iPhoneSimulator.Build.0 = Release|Any CPU
		{AD2D2DB4-E781-4CF1-9B62-3AAD264F196D}.Ad-Hoc|x64.ActiveCfg = Release|Any CPU
		{AD2D2DB4-E781-4CF1-9B62-3AAD264F196D}.Ad-Hoc|x64.Build.0 = Release|Any CPU
		{AD2D2DB4-E781-4CF1-9B62-3AAD264F196D}.Ad-Hoc|x86.ActiveCfg = Release|Any CPU
		{AD2D2DB4-E781-4CF1-9B62-3AAD264F196D}.Ad-Hoc|x86.Build.0 = Release|Any CPU
		{AD2D2DB4-E781-4CF1-9B62-3AAD264F196D}.AppStore|Any CPU.ActiveCfg = Release|Any CPU
		{AD2D2DB4-E781-4CF1-9B62-3AAD264F196D}.AppStore|Any CPU.Build.0 = Release|Any CPU
		{AD2D2DB4-E781-4CF1-9B62-3AAD264F196D}.AppStore|ARM.ActiveCfg = Release|Any CPU
		{AD2D2DB4-E781-4CF1-9B62-3AAD264F196D}.AppStore|ARM.Build.0 = Release|Any CPU
		{AD2D2DB4-E781-4CF1-9B62-3AAD264F196D}.AppStore|iPhone.ActiveCfg = Release|Any CPU
		{AD2D2DB4-E781-4CF1-9B62-3AAD264F196D}.AppStore|iPhone.Build.0 = Release|Any CPU
		{AD2D2DB4-E781-4CF1-9B62-3AAD264F196D}.AppStore|iPhoneSimulator.ActiveCfg = Release|Any CPU
		{AD2D2DB4-E781-4CF1-9B62-3AAD264F196D}.AppStore|iPhoneSimulator.Build.0 = Release|Any CPU
		{AD2D2DB4-E781-4CF1-9B62-3AAD264F196D}.AppStore|x64.ActiveCfg = Release|Any CPU
		{AD2D2DB4-E781-4CF1-9B62-3AAD264F196D}.AppStore|x64.Build.0 = Release|Any CPU
		{AD2D2DB4-E781-4CF1-9B62-3AAD264F196D}.AppStore|x86.ActiveCfg = Release|Any CPU
		{AD2D2DB4-E781-4CF1-9B62-3AAD264F196D}.AppStore|x86.Build.0 = Release|Any CPU
		{AD2D2DB4-E781-4CF1-9B62-3AAD264F196D}.Debug .NET Native|Any CPU.ActiveCfg = Debug .NET Native|Any CPU
		{AD2D2DB4-E781-4CF1-9B62-3AAD264F196D}.Debug .NET Native|Any CPU.Build.0 = Debug .NET Native|Any CPU
		{AD2D2DB4-E781-4CF1-9B62-3AAD264F196D}.Debug .NET Native|ARM.ActiveCfg = Debug .NET Native|Any CPU
		{AD2D2DB4-E781-4CF1-9B62-3AAD264F196D}.Debug .NET Native|ARM.Build.0 = Debug .NET Native|Any CPU
		{AD2D2DB4-E781-4CF1-9B62-3AAD264F196D}.Debug .NET Native|iPhone.ActiveCfg = Debug .NET Native|Any CPU
		{AD2D2DB4-E781-4CF1-9B62-3AAD264F196D}.Debug .NET Native|iPhone.Build.0 = Debug .NET Native|Any CPU
		{AD2D2DB4-E781-4CF1-9B62-3AAD264F196D}.Debug .NET Native|iPhoneSimulator.ActiveCfg = Debug .NET Native|Any CPU
		{AD2D2DB4-E781-4CF1-9B62-3AAD264F196D}.Debug .NET Native|iPhoneSimulator.Build.0 = Debug .NET Native|Any CPU
		{AD2D2DB4-E781-4CF1-9B62-3AAD264F196D}.Debug .NET Native|x64.ActiveCfg = Debug .NET Native|Any CPU
		{AD2D2DB4-E781-4CF1-9B62-3AAD264F196D}.Debug .NET Native|x64.Build.0 = Debug .NET Native|Any CPU
		{AD2D2DB4-E781-4CF1-9B62-3AAD264F196D}.Debug .NET Native|x86.ActiveCfg = Debug .NET Native|Any CPU
		{AD2D2DB4-E781-4CF1-9B62-3AAD264F196D}.Debug .NET Native|x86.Build.0 = Debug .NET Native|Any CPU
		{AD2D2DB4-E781-4CF1-9B62-3AAD264F196D}.Debug|Any CPU.ActiveCfg = Debug|Any CPU
		{AD2D2DB4-E781-4CF1-9B62-3AAD264F196D}.Debug|Any CPU.Build.0 = Debug|Any CPU
		{AD2D2DB4-E781-4CF1-9B62-3AAD264F196D}.Debug|ARM.ActiveCfg = Debug|Any CPU
		{AD2D2DB4-E781-4CF1-9B62-3AAD264F196D}.Debug|ARM.Build.0 = Debug|Any CPU
		{AD2D2DB4-E781-4CF1-9B62-3AAD264F196D}.Debug|iPhone.ActiveCfg = Debug|Any CPU
		{AD2D2DB4-E781-4CF1-9B62-3AAD264F196D}.Debug|iPhone.Build.0 = Debug|Any CPU
		{AD2D2DB4-E781-4CF1-9B62-3AAD264F196D}.Debug|iPhoneSimulator.ActiveCfg = Debug|Any CPU
		{AD2D2DB4-E781-4CF1-9B62-3AAD264F196D}.Debug|iPhoneSimulator.Build.0 = Debug|Any CPU
		{AD2D2DB4-E781-4CF1-9B62-3AAD264F196D}.Debug|x64.ActiveCfg = Debug|Any CPU
		{AD2D2DB4-E781-4CF1-9B62-3AAD264F196D}.Debug|x64.Build.0 = Debug|Any CPU
		{AD2D2DB4-E781-4CF1-9B62-3AAD264F196D}.Debug|x86.ActiveCfg = Debug|Any CPU
		{AD2D2DB4-E781-4CF1-9B62-3AAD264F196D}.Debug|x86.Build.0 = Debug|Any CPU
		{AD2D2DB4-E781-4CF1-9B62-3AAD264F196D}.Release|Any CPU.ActiveCfg = Release|Any CPU
		{AD2D2DB4-E781-4CF1-9B62-3AAD264F196D}.Release|Any CPU.Build.0 = Release|Any CPU
		{AD2D2DB4-E781-4CF1-9B62-3AAD264F196D}.Release|ARM.ActiveCfg = Release|Any CPU
		{AD2D2DB4-E781-4CF1-9B62-3AAD264F196D}.Release|ARM.Build.0 = Release|Any CPU
		{AD2D2DB4-E781-4CF1-9B62-3AAD264F196D}.Release|iPhone.ActiveCfg = Release|Any CPU
		{AD2D2DB4-E781-4CF1-9B62-3AAD264F196D}.Release|iPhone.Build.0 = Release|Any CPU
		{AD2D2DB4-E781-4CF1-9B62-3AAD264F196D}.Release|iPhoneSimulator.ActiveCfg = Release|Any CPU
		{AD2D2DB4-E781-4CF1-9B62-3AAD264F196D}.Release|iPhoneSimulator.Build.0 = Release|Any CPU
		{AD2D2DB4-E781-4CF1-9B62-3AAD264F196D}.Release|x64.ActiveCfg = Release|Any CPU
		{AD2D2DB4-E781-4CF1-9B62-3AAD264F196D}.Release|x64.Build.0 = Release|Any CPU
		{AD2D2DB4-E781-4CF1-9B62-3AAD264F196D}.Release|x86.ActiveCfg = Release|Any CPU
		{AD2D2DB4-E781-4CF1-9B62-3AAD264F196D}.Release|x86.Build.0 = Release|Any CPU
		{9916A87B-5503-4E08-A21F-6CEB46CF09FD}.Ad-Hoc|Any CPU.ActiveCfg = Release|Any CPU
		{9916A87B-5503-4E08-A21F-6CEB46CF09FD}.Ad-Hoc|Any CPU.Build.0 = Release|Any CPU
		{9916A87B-5503-4E08-A21F-6CEB46CF09FD}.Ad-Hoc|ARM.ActiveCfg = Release|ARM
		{9916A87B-5503-4E08-A21F-6CEB46CF09FD}.Ad-Hoc|ARM.Build.0 = Release|ARM
		{9916A87B-5503-4E08-A21F-6CEB46CF09FD}.Ad-Hoc|iPhone.ActiveCfg = Release|Any CPU
		{9916A87B-5503-4E08-A21F-6CEB46CF09FD}.Ad-Hoc|iPhone.Build.0 = Release|Any CPU
		{9916A87B-5503-4E08-A21F-6CEB46CF09FD}.Ad-Hoc|iPhoneSimulator.ActiveCfg = Release|Any CPU
		{9916A87B-5503-4E08-A21F-6CEB46CF09FD}.Ad-Hoc|iPhoneSimulator.Build.0 = Release|Any CPU
		{9916A87B-5503-4E08-A21F-6CEB46CF09FD}.Ad-Hoc|x64.ActiveCfg = Release|x64
		{9916A87B-5503-4E08-A21F-6CEB46CF09FD}.Ad-Hoc|x64.Build.0 = Release|x64
		{9916A87B-5503-4E08-A21F-6CEB46CF09FD}.Ad-Hoc|x86.ActiveCfg = Release|x86
		{9916A87B-5503-4E08-A21F-6CEB46CF09FD}.Ad-Hoc|x86.Build.0 = Release|x86
		{9916A87B-5503-4E08-A21F-6CEB46CF09FD}.AppStore|Any CPU.ActiveCfg = Release|Any CPU
		{9916A87B-5503-4E08-A21F-6CEB46CF09FD}.AppStore|Any CPU.Build.0 = Release|Any CPU
		{9916A87B-5503-4E08-A21F-6CEB46CF09FD}.AppStore|ARM.ActiveCfg = Release|ARM
		{9916A87B-5503-4E08-A21F-6CEB46CF09FD}.AppStore|ARM.Build.0 = Release|ARM
		{9916A87B-5503-4E08-A21F-6CEB46CF09FD}.AppStore|iPhone.ActiveCfg = Release|Any CPU
		{9916A87B-5503-4E08-A21F-6CEB46CF09FD}.AppStore|iPhone.Build.0 = Release|Any CPU
		{9916A87B-5503-4E08-A21F-6CEB46CF09FD}.AppStore|iPhoneSimulator.ActiveCfg = Release|Any CPU
		{9916A87B-5503-4E08-A21F-6CEB46CF09FD}.AppStore|iPhoneSimulator.Build.0 = Release|Any CPU
		{9916A87B-5503-4E08-A21F-6CEB46CF09FD}.AppStore|x64.ActiveCfg = Release|x64
		{9916A87B-5503-4E08-A21F-6CEB46CF09FD}.AppStore|x64.Build.0 = Release|x64
		{9916A87B-5503-4E08-A21F-6CEB46CF09FD}.AppStore|x86.ActiveCfg = Release|x86
		{9916A87B-5503-4E08-A21F-6CEB46CF09FD}.AppStore|x86.Build.0 = Release|x86
		{9916A87B-5503-4E08-A21F-6CEB46CF09FD}.Debug .NET Native|Any CPU.ActiveCfg = Debug .NET Native|Any CPU
		{9916A87B-5503-4E08-A21F-6CEB46CF09FD}.Debug .NET Native|Any CPU.Build.0 = Debug .NET Native|Any CPU
		{9916A87B-5503-4E08-A21F-6CEB46CF09FD}.Debug .NET Native|ARM.ActiveCfg = Debug .NET Native|ARM
		{9916A87B-5503-4E08-A21F-6CEB46CF09FD}.Debug .NET Native|ARM.Build.0 = Debug .NET Native|ARM
		{9916A87B-5503-4E08-A21F-6CEB46CF09FD}.Debug .NET Native|iPhone.ActiveCfg = Debug .NET Native|Any CPU
		{9916A87B-5503-4E08-A21F-6CEB46CF09FD}.Debug .NET Native|iPhone.Build.0 = Debug .NET Native|Any CPU
		{9916A87B-5503-4E08-A21F-6CEB46CF09FD}.Debug .NET Native|iPhoneSimulator.ActiveCfg = Debug .NET Native|Any CPU
		{9916A87B-5503-4E08-A21F-6CEB46CF09FD}.Debug .NET Native|iPhoneSimulator.Build.0 = Debug .NET Native|Any CPU
		{9916A87B-5503-4E08-A21F-6CEB46CF09FD}.Debug .NET Native|x64.ActiveCfg = Debug .NET Native|x64
		{9916A87B-5503-4E08-A21F-6CEB46CF09FD}.Debug .NET Native|x64.Build.0 = Debug .NET Native|x64
		{9916A87B-5503-4E08-A21F-6CEB46CF09FD}.Debug .NET Native|x86.ActiveCfg = Debug .NET Native|x86
		{9916A87B-5503-4E08-A21F-6CEB46CF09FD}.Debug .NET Native|x86.Build.0 = Debug .NET Native|x86
		{9916A87B-5503-4E08-A21F-6CEB46CF09FD}.Debug|Any CPU.ActiveCfg = Debug|Any CPU
		{9916A87B-5503-4E08-A21F-6CEB46CF09FD}.Debug|Any CPU.Build.0 = Debug|Any CPU
		{9916A87B-5503-4E08-A21F-6CEB46CF09FD}.Debug|ARM.ActiveCfg = Debug|ARM
		{9916A87B-5503-4E08-A21F-6CEB46CF09FD}.Debug|ARM.Build.0 = Debug|ARM
		{9916A87B-5503-4E08-A21F-6CEB46CF09FD}.Debug|iPhone.ActiveCfg = Debug|Any CPU
		{9916A87B-5503-4E08-A21F-6CEB46CF09FD}.Debug|iPhone.Build.0 = Debug|Any CPU
		{9916A87B-5503-4E08-A21F-6CEB46CF09FD}.Debug|iPhoneSimulator.ActiveCfg = Debug|Any CPU
		{9916A87B-5503-4E08-A21F-6CEB46CF09FD}.Debug|iPhoneSimulator.Build.0 = Debug|Any CPU
		{9916A87B-5503-4E08-A21F-6CEB46CF09FD}.Debug|x64.ActiveCfg = Debug|x64
		{9916A87B-5503-4E08-A21F-6CEB46CF09FD}.Debug|x64.Build.0 = Debug|x64
		{9916A87B-5503-4E08-A21F-6CEB46CF09FD}.Debug|x86.ActiveCfg = Debug|x86
		{9916A87B-5503-4E08-A21F-6CEB46CF09FD}.Debug|x86.Build.0 = Debug|x86
		{9916A87B-5503-4E08-A21F-6CEB46CF09FD}.Release|Any CPU.ActiveCfg = Release|Any CPU
		{9916A87B-5503-4E08-A21F-6CEB46CF09FD}.Release|Any CPU.Build.0 = Release|Any CPU
		{9916A87B-5503-4E08-A21F-6CEB46CF09FD}.Release|ARM.ActiveCfg = Release|ARM
		{9916A87B-5503-4E08-A21F-6CEB46CF09FD}.Release|ARM.Build.0 = Release|ARM
		{9916A87B-5503-4E08-A21F-6CEB46CF09FD}.Release|iPhone.ActiveCfg = Release|Any CPU
		{9916A87B-5503-4E08-A21F-6CEB46CF09FD}.Release|iPhone.Build.0 = Release|Any CPU
		{9916A87B-5503-4E08-A21F-6CEB46CF09FD}.Release|iPhoneSimulator.ActiveCfg = Release|Any CPU
		{9916A87B-5503-4E08-A21F-6CEB46CF09FD}.Release|iPhoneSimulator.Build.0 = Release|Any CPU
		{9916A87B-5503-4E08-A21F-6CEB46CF09FD}.Release|x64.ActiveCfg = Release|x64
		{9916A87B-5503-4E08-A21F-6CEB46CF09FD}.Release|x64.Build.0 = Release|x64
		{9916A87B-5503-4E08-A21F-6CEB46CF09FD}.Release|x86.ActiveCfg = Release|x86
		{9916A87B-5503-4E08-A21F-6CEB46CF09FD}.Release|x86.Build.0 = Release|x86
		{D525F236-6A2D-4010-B1CC-4A4B8581C90B}.Ad-Hoc|Any CPU.ActiveCfg = Release|Any CPU
		{D525F236-6A2D-4010-B1CC-4A4B8581C90B}.Ad-Hoc|Any CPU.Build.0 = Release|Any CPU
		{D525F236-6A2D-4010-B1CC-4A4B8581C90B}.Ad-Hoc|ARM.ActiveCfg = Release|Any CPU
		{D525F236-6A2D-4010-B1CC-4A4B8581C90B}.Ad-Hoc|ARM.Build.0 = Release|Any CPU
		{D525F236-6A2D-4010-B1CC-4A4B8581C90B}.Ad-Hoc|iPhone.ActiveCfg = Release|Any CPU
		{D525F236-6A2D-4010-B1CC-4A4B8581C90B}.Ad-Hoc|iPhone.Build.0 = Release|Any CPU
		{D525F236-6A2D-4010-B1CC-4A4B8581C90B}.Ad-Hoc|iPhoneSimulator.ActiveCfg = Release|Any CPU
		{D525F236-6A2D-4010-B1CC-4A4B8581C90B}.Ad-Hoc|iPhoneSimulator.Build.0 = Release|Any CPU
		{D525F236-6A2D-4010-B1CC-4A4B8581C90B}.Ad-Hoc|x64.ActiveCfg = Release|Any CPU
		{D525F236-6A2D-4010-B1CC-4A4B8581C90B}.Ad-Hoc|x64.Build.0 = Release|Any CPU
		{D525F236-6A2D-4010-B1CC-4A4B8581C90B}.Ad-Hoc|x86.ActiveCfg = Release|Any CPU
		{D525F236-6A2D-4010-B1CC-4A4B8581C90B}.Ad-Hoc|x86.Build.0 = Release|Any CPU
		{D525F236-6A2D-4010-B1CC-4A4B8581C90B}.AppStore|Any CPU.ActiveCfg = Release|Any CPU
		{D525F236-6A2D-4010-B1CC-4A4B8581C90B}.AppStore|Any CPU.Build.0 = Release|Any CPU
		{D525F236-6A2D-4010-B1CC-4A4B8581C90B}.AppStore|ARM.ActiveCfg = Release|Any CPU
		{D525F236-6A2D-4010-B1CC-4A4B8581C90B}.AppStore|ARM.Build.0 = Release|Any CPU
		{D525F236-6A2D-4010-B1CC-4A4B8581C90B}.AppStore|iPhone.ActiveCfg = Release|Any CPU
		{D525F236-6A2D-4010-B1CC-4A4B8581C90B}.AppStore|iPhone.Build.0 = Release|Any CPU
		{D525F236-6A2D-4010-B1CC-4A4B8581C90B}.AppStore|iPhoneSimulator.ActiveCfg = Release|Any CPU
		{D525F236-6A2D-4010-B1CC-4A4B8581C90B}.AppStore|iPhoneSimulator.Build.0 = Release|Any CPU
		{D525F236-6A2D-4010-B1CC-4A4B8581C90B}.AppStore|x64.ActiveCfg = Release|Any CPU
		{D525F236-6A2D-4010-B1CC-4A4B8581C90B}.AppStore|x64.Build.0 = Release|Any CPU
		{D525F236-6A2D-4010-B1CC-4A4B8581C90B}.AppStore|x86.ActiveCfg = Release|Any CPU
		{D525F236-6A2D-4010-B1CC-4A4B8581C90B}.AppStore|x86.Build.0 = Release|Any CPU
		{D525F236-6A2D-4010-B1CC-4A4B8581C90B}.Debug .NET Native|Any CPU.ActiveCfg = Debug .NET Native|Any CPU
		{D525F236-6A2D-4010-B1CC-4A4B8581C90B}.Debug .NET Native|Any CPU.Build.0 = Debug .NET Native|Any CPU
		{D525F236-6A2D-4010-B1CC-4A4B8581C90B}.Debug .NET Native|ARM.ActiveCfg = Debug .NET Native|Any CPU
		{D525F236-6A2D-4010-B1CC-4A4B8581C90B}.Debug .NET Native|ARM.Build.0 = Debug .NET Native|Any CPU
		{D525F236-6A2D-4010-B1CC-4A4B8581C90B}.Debug .NET Native|iPhone.ActiveCfg = Debug .NET Native|Any CPU
		{D525F236-6A2D-4010-B1CC-4A4B8581C90B}.Debug .NET Native|iPhone.Build.0 = Debug .NET Native|Any CPU
		{D525F236-6A2D-4010-B1CC-4A4B8581C90B}.Debug .NET Native|iPhoneSimulator.ActiveCfg = Debug .NET Native|Any CPU
		{D525F236-6A2D-4010-B1CC-4A4B8581C90B}.Debug .NET Native|iPhoneSimulator.Build.0 = Debug .NET Native|Any CPU
		{D525F236-6A2D-4010-B1CC-4A4B8581C90B}.Debug .NET Native|x64.ActiveCfg = Debug .NET Native|Any CPU
		{D525F236-6A2D-4010-B1CC-4A4B8581C90B}.Debug .NET Native|x64.Build.0 = Debug .NET Native|Any CPU
		{D525F236-6A2D-4010-B1CC-4A4B8581C90B}.Debug .NET Native|x86.ActiveCfg = Debug .NET Native|Any CPU
		{D525F236-6A2D-4010-B1CC-4A4B8581C90B}.Debug .NET Native|x86.Build.0 = Debug .NET Native|Any CPU
		{D525F236-6A2D-4010-B1CC-4A4B8581C90B}.Debug|Any CPU.ActiveCfg = Debug|Any CPU
		{D525F236-6A2D-4010-B1CC-4A4B8581C90B}.Debug|Any CPU.Build.0 = Debug|Any CPU
		{D525F236-6A2D-4010-B1CC-4A4B8581C90B}.Debug|ARM.ActiveCfg = Debug|Any CPU
		{D525F236-6A2D-4010-B1CC-4A4B8581C90B}.Debug|ARM.Build.0 = Debug|Any CPU
		{D525F236-6A2D-4010-B1CC-4A4B8581C90B}.Debug|iPhone.ActiveCfg = Debug|Any CPU
		{D525F236-6A2D-4010-B1CC-4A4B8581C90B}.Debug|iPhone.Build.0 = Debug|Any CPU
		{D525F236-6A2D-4010-B1CC-4A4B8581C90B}.Debug|iPhoneSimulator.ActiveCfg = Debug|Any CPU
		{D525F236-6A2D-4010-B1CC-4A4B8581C90B}.Debug|iPhoneSimulator.Build.0 = Debug|Any CPU
		{D525F236-6A2D-4010-B1CC-4A4B8581C90B}.Debug|x64.ActiveCfg = Debug|Any CPU
		{D525F236-6A2D-4010-B1CC-4A4B8581C90B}.Debug|x64.Build.0 = Debug|Any CPU
		{D525F236-6A2D-4010-B1CC-4A4B8581C90B}.Debug|x86.ActiveCfg = Debug|Any CPU
		{D525F236-6A2D-4010-B1CC-4A4B8581C90B}.Debug|x86.Build.0 = Debug|Any CPU
		{D525F236-6A2D-4010-B1CC-4A4B8581C90B}.Release|Any CPU.ActiveCfg = Release|Any CPU
		{D525F236-6A2D-4010-B1CC-4A4B8581C90B}.Release|Any CPU.Build.0 = Release|Any CPU
		{D525F236-6A2D-4010-B1CC-4A4B8581C90B}.Release|ARM.ActiveCfg = Release|Any CPU
		{D525F236-6A2D-4010-B1CC-4A4B8581C90B}.Release|ARM.Build.0 = Release|Any CPU
		{D525F236-6A2D-4010-B1CC-4A4B8581C90B}.Release|iPhone.ActiveCfg = Release|Any CPU
		{D525F236-6A2D-4010-B1CC-4A4B8581C90B}.Release|iPhone.Build.0 = Release|Any CPU
		{D525F236-6A2D-4010-B1CC-4A4B8581C90B}.Release|iPhoneSimulator.ActiveCfg = Release|Any CPU
		{D525F236-6A2D-4010-B1CC-4A4B8581C90B}.Release|iPhoneSimulator.Build.0 = Release|Any CPU
		{D525F236-6A2D-4010-B1CC-4A4B8581C90B}.Release|x64.ActiveCfg = Release|Any CPU
		{D525F236-6A2D-4010-B1CC-4A4B8581C90B}.Release|x64.Build.0 = Release|Any CPU
		{D525F236-6A2D-4010-B1CC-4A4B8581C90B}.Release|x86.ActiveCfg = Release|Any CPU
		{D525F236-6A2D-4010-B1CC-4A4B8581C90B}.Release|x86.Build.0 = Release|Any CPU
	EndGlobalSection
	GlobalSection(SolutionProperties) = preSolution
		HideSolutionNode = FALSE
	EndGlobalSection
	GlobalSection(NestedProjects) = preSolution
		{14C534B6-1984-41A9-A384-D3A5508588E3} = {AE63CD1D-4C75-430E-B607-FB7D74EFAB1A}
		{AD2D2DB4-E781-4CF1-9B62-3AAD264F196D} = {AE63CD1D-4C75-430E-B607-FB7D74EFAB1A}
		{9916A87B-5503-4E08-A21F-6CEB46CF09FD} = {AE63CD1D-4C75-430E-B607-FB7D74EFAB1A}
		{D525F236-6A2D-4010-B1CC-4A4B8581C90B} = {AE63CD1D-4C75-430E-B607-FB7D74EFAB1A}
	EndGlobalSection
	GlobalSection(ExtensibilityGlobals) = postSolution
		SolutionGuid = {E0997014-05E8-49C4-83D0-39B9B5B8A0E8}
	EndGlobalSection
	GlobalSection(MonoDevelopProperties) = preSolution
		version = 3.1.1
	EndGlobalSection
EndGlobal
